// !$*UTF8*$!
{
	archiveVersion = 1;
	classes = {
	};
	objectVersion = 50;
	objects = {

/* Begin PBXBuildFile section */
		8430C72724C20F2700B152E4 /* AppDelegate.swift in Sources */ = {isa = PBXBuildFile; fileRef = 8430C72624C20F2700B152E4 /* AppDelegate.swift */; };
		8430C72924C20F2700B152E4 /* SceneDelegate.swift in Sources */ = {isa = PBXBuildFile; fileRef = 8430C72824C20F2700B152E4 /* SceneDelegate.swift */; };
		8430C72B24C20F2700B152E4 /* ViewController.swift in Sources */ = {isa = PBXBuildFile; fileRef = 8430C72A24C20F2700B152E4 /* ViewController.swift */; };
		8430C72E24C20F2700B152E4 /* Main.storyboard in Resources */ = {isa = PBXBuildFile; fileRef = 8430C72C24C20F2700B152E4 /* Main.storyboard */; };
		8430C73024C20F2D00B152E4 /* Assets.xcassets in Resources */ = {isa = PBXBuildFile; fileRef = 8430C72F24C20F2D00B152E4 /* Assets.xcassets */; };
		8430C73324C20F2D00B152E4 /* LaunchScreen.storyboard in Resources */ = {isa = PBXBuildFile; fileRef = 8430C73124C20F2D00B152E4 /* LaunchScreen.storyboard */; };
		84D3C48624C55DCD00EB7BFC /* PeginationSample.xcdatamodeld in Sources */ = {isa = PBXBuildFile; fileRef = 84D3C48424C55DCD00EB7BFC /* PeginationSample.xcdatamodeld */; };
		84D3C48824C55DF900EB7BFC /* DataService.swift in Sources */ = {isa = PBXBuildFile; fileRef = 84D3C48724C55DF900EB7BFC /* DataService.swift */; };
		84E51DE924C4D8D9002B8C72 /* AddNoteViewController.swift in Sources */ = {isa = PBXBuildFile; fileRef = 84E51DE824C4D8D9002B8C72 /* AddNoteViewController.swift */; };
		84E51DEC24C4D9E9002B8C72 /* NoteViewCell.swift in Sources */ = {isa = PBXBuildFile; fileRef = 84E51DEA24C4D9E9002B8C72 /* NoteViewCell.swift */; };
		84E51DED24C4D9E9002B8C72 /* NoteViewCell.xib in Resources */ = {isa = PBXBuildFile; fileRef = 84E51DEB24C4D9E9002B8C72 /* NoteViewCell.xib */; };
		84E51DEF24C4DBD3002B8C72 /* ViewController+CollectionViewDelegate.swift in Sources */ = {isa = PBXBuildFile; fileRef = 84E51DEE24C4DBD3002B8C72 /* ViewController+CollectionViewDelegate.swift */; };
		84E51DF224C4DC6E002B8C72 /* Constants.swift in Sources */ = {isa = PBXBuildFile; fileRef = 84E51DF124C4DC6E002B8C72 /* Constants.swift */; };
/* End PBXBuildFile section */

/* Begin PBXFileReference section */
		8430C72324C20F2700B152E4 /* PeginationSample.app */ = {isa = PBXFileReference; explicitFileType = wrapper.application; includeInIndex = 0; path = PeginationSample.app; sourceTree = BUILT_PRODUCTS_DIR; };
		8430C72624C20F2700B152E4 /* AppDelegate.swift */ = {isa = PBXFileReference; lastKnownFileType = sourcecode.swift; path = AppDelegate.swift; sourceTree = "<group>"; };
		8430C72824C20F2700B152E4 /* SceneDelegate.swift */ = {isa = PBXFileReference; lastKnownFileType = sourcecode.swift; path = SceneDelegate.swift; sourceTree = "<group>"; };
		8430C72A24C20F2700B152E4 /* ViewController.swift */ = {isa = PBXFileReference; lastKnownFileType = sourcecode.swift; path = ViewController.swift; sourceTree = "<group>"; };
		8430C72D24C20F2700B152E4 /* Base */ = {isa = PBXFileReference; lastKnownFileType = file.storyboard; name = Base; path = Base.lproj/Main.storyboard; sourceTree = "<group>"; };
		8430C72F24C20F2D00B152E4 /* Assets.xcassets */ = {isa = PBXFileReference; lastKnownFileType = folder.assetcatalog; path = Assets.xcassets; sourceTree = "<group>"; };
		8430C73224C20F2D00B152E4 /* Base */ = {isa = PBXFileReference; lastKnownFileType = file.storyboard; name = Base; path = Base.lproj/LaunchScreen.storyboard; sourceTree = "<group>"; };
		8430C73424C20F2D00B152E4 /* Info.plist */ = {isa = PBXFileReference; lastKnownFileType = text.plist.xml; path = Info.plist; sourceTree = "<group>"; };
		84D3C48524C55DCD00EB7BFC /* PeginationSample.xcdatamodel */ = {isa = PBXFileReference; lastKnownFileType = wrapper.xcdatamodel; path = PeginationSample.xcdatamodel; sourceTree = "<group>"; };
		84D3C48724C55DF900EB7BFC /* DataService.swift */ = {isa = PBXFileReference; lastKnownFileType = sourcecode.swift; path = DataService.swift; sourceTree = "<group>"; };
		84E51DE824C4D8D9002B8C72 /* AddNoteViewController.swift */ = {isa = PBXFileReference; lastKnownFileType = sourcecode.swift; path = AddNoteViewController.swift; sourceTree = "<group>"; };
		84E51DEA24C4D9E9002B8C72 /* NoteViewCell.swift */ = {isa = PBXFileReference; lastKnownFileType = sourcecode.swift; path = NoteViewCell.swift; sourceTree = "<group>"; };
		84E51DEB24C4D9E9002B8C72 /* NoteViewCell.xib */ = {isa = PBXFileReference; lastKnownFileType = file.xib; path = NoteViewCell.xib; sourceTree = "<group>"; };
		84E51DEE24C4DBD3002B8C72 /* ViewController+CollectionViewDelegate.swift */ = {isa = PBXFileReference; lastKnownFileType = sourcecode.swift; path = "ViewController+CollectionViewDelegate.swift"; sourceTree = "<group>"; };
		84E51DF124C4DC6E002B8C72 /* Constants.swift */ = {isa = PBXFileReference; lastKnownFileType = sourcecode.swift; path = Constants.swift; sourceTree = "<group>"; };
/* End PBXFileReference section */

/* Begin PBXFrameworksBuildPhase section */
		8430C72024C20F2700B152E4 /* Frameworks */ = {
			isa = PBXFrameworksBuildPhase;
			buildActionMask = 2147483647;
			files = (
			);
			runOnlyForDeploymentPostprocessing = 0;
		};
/* End PBXFrameworksBuildPhase section */

/* Begin PBXGroup section */
		8430C71A24C20F2700B152E4 = {
			isa = PBXGroup;
			children = (
				8430C72524C20F2700B152E4 /* PeginationSample */,
				8430C72424C20F2700B152E4 /* Products */,
			);
			sourceTree = "<group>";
		};
		8430C72424C20F2700B152E4 /* Products */ = {
			isa = PBXGroup;
			children = (
				8430C72324C20F2700B152E4 /* PeginationSample.app */,
			);
			name = Products;
			sourceTree = "<group>";
		};
		8430C72524C20F2700B152E4 /* PeginationSample */ = {
			isa = PBXGroup;
			children = (
				84E51DE524C4D82E002B8C72 /* Note */,
				84E51DE424C4D786002B8C72 /* SupportingFiles */,
				8430C72C24C20F2700B152E4 /* Main.storyboard */,
				8430C72F24C20F2D00B152E4 /* Assets.xcassets */,
				8430C73424C20F2D00B152E4 /* Info.plist */,
				84D3C48424C55DCD00EB7BFC /* PeginationSample.xcdatamodeld */,
				84D3C48724C55DF900EB7BFC /* DataService.swift */,
			);
			path = PeginationSample;
			sourceTree = "<group>";
		};
		84E51DE424C4D786002B8C72 /* SupportingFiles */ = {
			isa = PBXGroup;
			children = (
				8430C73124C20F2D00B152E4 /* LaunchScreen.storyboard */,
				8430C72624C20F2700B152E4 /* AppDelegate.swift */,
				8430C72824C20F2700B152E4 /* SceneDelegate.swift */,
			);
			path = SupportingFiles;
			sourceTree = "<group>";
		};
		84E51DE524C4D82E002B8C72 /* Note */ = {
			isa = PBXGroup;
			children = (
				84E51DF024C4DC54002B8C72 /* Util */,
				84E51DE724C4D8AC002B8C72 /* AddNote */,
				84E51DE624C4D854002B8C72 /* NoteDisplay */,
			);
			path = Note;
			sourceTree = "<group>";
		};
		84E51DE624C4D854002B8C72 /* NoteDisplay */ = {
			isa = PBXGroup;
			children = (
				8430C72A24C20F2700B152E4 /* ViewController.swift */,
				84E51DEA24C4D9E9002B8C72 /* NoteViewCell.swift */,
				84E51DEB24C4D9E9002B8C72 /* NoteViewCell.xib */,
				84E51DEE24C4DBD3002B8C72 /* ViewController+CollectionViewDelegate.swift */,
			);
			path = NoteDisplay;
			sourceTree = "<group>";
		};
		84E51DE724C4D8AC002B8C72 /* AddNote */ = {
			isa = PBXGroup;
			children = (
				84E51DE824C4D8D9002B8C72 /* AddNoteViewController.swift */,
			);
			path = AddNote;
			sourceTree = "<group>";
		};
		84E51DF024C4DC54002B8C72 /* Util */ = {
			isa = PBXGroup;
			children = (
				84E51DF124C4DC6E002B8C72 /* Constants.swift */,
			);
			path = Util;
			sourceTree = "<group>";
		};
/* End PBXGroup section */

/* Begin PBXNativeTarget section */
		8430C72224C20F2700B152E4 /* PeginationSample */ = {
			isa = PBXNativeTarget;
			buildConfigurationList = 8430C73724C20F2D00B152E4 /* Build configuration list for PBXNativeTarget "PeginationSample" */;
			buildPhases = (
				8430C71F24C20F2700B152E4 /* Sources */,
				8430C72024C20F2700B152E4 /* Frameworks */,
				8430C72124C20F2700B152E4 /* Resources */,
			);
			buildRules = (
			);
			dependencies = (
			);
			name = PeginationSample;
			productName = PeginationSample;
			productReference = 8430C72324C20F2700B152E4 /* PeginationSample.app */;
			productType = "com.apple.product-type.application";
		};
/* End PBXNativeTarget section */

/* Begin PBXProject section */
		8430C71B24C20F2700B152E4 /* Project object */ = {
			isa = PBXProject;
			attributes = {
				LastSwiftUpdateCheck = 1140;
				LastUpgradeCheck = 1140;
				ORGANIZATIONNAME = admin;
				TargetAttributes = {
					8430C72224C20F2700B152E4 = {
						CreatedOnToolsVersion = 11.4.1;
					};
				};
			};
			buildConfigurationList = 8430C71E24C20F2700B152E4 /* Build configuration list for PBXProject "PeginationSample" */;
			compatibilityVersion = "Xcode 9.3";
			developmentRegion = en;
			hasScannedForEncodings = 0;
			knownRegions = (
				en,
				Base,
			);
			mainGroup = 8430C71A24C20F2700B152E4;
			productRefGroup = 8430C72424C20F2700B152E4 /* Products */;
			projectDirPath = "";
			projectRoot = "";
			targets = (
				8430C72224C20F2700B152E4 /* PeginationSample */,
			);
		};
/* End PBXProject section */

/* Begin PBXResourcesBuildPhase section */
		8430C72124C20F2700B152E4 /* Resources */ = {
			isa = PBXResourcesBuildPhase;
			buildActionMask = 2147483647;
			files = (
				8430C73324C20F2D00B152E4 /* LaunchScreen.storyboard in Resources */,
				8430C73024C20F2D00B152E4 /* Assets.xcassets in Resources */,
				84E51DED24C4D9E9002B8C72 /* NoteViewCell.xib in Resources */,
				8430C72E24C20F2700B152E4 /* Main.storyboard in Resources */,
			);
			runOnlyForDeploymentPostprocessing = 0;
		};
/* End PBXResourcesBuildPhase section */

/* Begin PBXSourcesBuildPhase section */
		8430C71F24C20F2700B152E4 /* Sources */ = {
			isa = PBXSourcesBuildPhase;
			buildActionMask = 2147483647;
			files = (
				84D3C48824C55DF900EB7BFC /* DataService.swift in Sources */,
				84E51DEF24C4DBD3002B8C72 /* ViewController+CollectionViewDelegate.swift in Sources */,
				84E51DE924C4D8D9002B8C72 /* AddNoteViewController.swift in Sources */,
				8430C72B24C20F2700B152E4 /* ViewController.swift in Sources */,
				84E51DEC24C4D9E9002B8C72 /* NoteViewCell.swift in Sources */,
				84E51DF224C4DC6E002B8C72 /* Constants.swift in Sources */,
				84D3C48624C55DCD00EB7BFC /* PeginationSample.xcdatamodeld in Sources */,
				8430C72724C20F2700B152E4 /* AppDelegate.swift in Sources */,
				8430C72924C20F2700B152E4 /* SceneDelegate.swift in Sources */,
			);
			runOnlyForDeploymentPostprocessing = 0;
		};
/* End PBXSourcesBuildPhase section */

/* Begin PBXVariantGroup section */
		8430C72C24C20F2700B152E4 /* Main.storyboard */ = {
			isa = PBXVariantGroup;
			children = (
				8430C72D24C20F2700B152E4 /* Base */,
			);
			name = Main.storyboard;
			sourceTree = "<group>";
		};
		8430C73124C20F2D00B152E4 /* LaunchScreen.storyboard */ = {
			isa = PBXVariantGroup;
			children = (
				8430C73224C20F2D00B152E4 /* Base */,
			);
			name = LaunchScreen.storyboard;
			sourceTree = "<group>";
		};
/* End PBXVariantGroup section */

/* Begin XCBuildConfiguration section */
		8430C73524C20F2D00B152E4 /* Debug */ = {
			isa = XCBuildConfiguration;
			buildSettings = {
				ALWAYS_SEARCH_USER_PATHS = NO;
				CLANG_ANALYZER_NONNULL = YES;
				CLANG_ANALYZER_NUMBER_OBJECT_CONVERSION = YES_AGGRESSIVE;
				CLANG_CXX_LANGUAGE_STANDARD = "gnu++14";
				CLANG_CXX_LIBRARY = "libc++";
				CLANG_ENABLE_MODULES = YES;
				CLANG_ENABLE_OBJC_ARC = YES;
				CLANG_ENABLE_OBJC_WEAK = YES;
				CLANG_WARN_BLOCK_CAPTURE_AUTORELEASING = YES;
				CLANG_WARN_BOOL_CONVERSION = YES;
				CLANG_WARN_COMMA = YES;
				CLANG_WARN_CONSTANT_CONVERSION = YES;
				CLANG_WARN_DEPRECATED_OBJC_IMPLEMENTATIONS = YES;
				CLANG_WARN_DIRECT_OBJC_ISA_USAGE = YES_ERROR;
				CLANG_WARN_DOCUMENTATION_COMMENTS = YES;
				CLANG_WARN_EMPTY_BODY = YES;
				CLANG_WARN_ENUM_CONVERSION = YES;
				CLANG_WARN_INFINITE_RECURSION = YES;
				CLANG_WARN_INT_CONVERSION = YES;
				CLANG_WARN_NON_LITERAL_NULL_CONVERSION = YES;
				CLANG_WARN_OBJC_IMPLICIT_RETAIN_SELF = YES;
				CLANG_WARN_OBJC_LITERAL_CONVERSION = YES;
				CLANG_WARN_OBJC_ROOT_CLASS = YES_ERROR;
				CLANG_WARN_RANGE_LOOP_ANALYSIS = YES;
				CLANG_WARN_STRICT_PROTOTYPES = YES;
				CLANG_WARN_SUSPICIOUS_MOVE = YES;
				CLANG_WARN_UNGUARDED_AVAILABILITY = YES_AGGRESSIVE;
				CLANG_WARN_UNREACHABLE_CODE = YES;
				CLANG_WARN__DUPLICATE_METHOD_MATCH = YES;
				COPY_PHASE_STRIP = NO;
				DEBUG_INFORMATION_FORMAT = dwarf;
				ENABLE_STRICT_OBJC_MSGSEND = YES;
				ENABLE_TESTABILITY = YES;
				GCC_C_LANGUAGE_STANDARD = gnu11;
				GCC_DYNAMIC_NO_PIC = NO;
				GCC_NO_COMMON_BLOCKS = YES;
				GCC_OPTIMIZATION_LEVEL = 0;
				GCC_PREPROCESSOR_DEFINITIONS = (
					"DEBUG=1",
					"$(inherited)",
				);
				GCC_WARN_64_TO_32_BIT_CONVERSION = YES;
				GCC_WARN_ABOUT_RETURN_TYPE = YES_ERROR;
				GCC_WARN_UNDECLARED_SELECTOR = YES;
				GCC_WARN_UNINITIALIZED_AUTOS = YES_AGGRESSIVE;
				GCC_WARN_UNUSED_FUNCTION = YES;
				GCC_WARN_UNUSED_VARIABLE = YES;
				IPHONEOS_DEPLOYMENT_TARGET = 13.4;
				MTL_ENABLE_DEBUG_INFO = INCLUDE_SOURCE;
				MTL_FAST_MATH = YES;
				ONLY_ACTIVE_ARCH = YES;
				SDKROOT = iphoneos;
				SWIFT_ACTIVE_COMPILATION_CONDITIONS = DEBUG;
				SWIFT_OPTIMIZATION_LEVEL = "-Onone";
			};
			name = Debug;
		};
		8430C73624C20F2D00B152E4 /* Release */ = {
			isa = XCBuildConfiguration;
			buildSettings = {
				ALWAYS_SEARCH_USER_PATHS = NO;
				CLANG_ANALYZER_NONNULL = YES;
				CLANG_ANALYZER_NUMBER_OBJECT_CONVERSION = YES_AGGRESSIVE;
				CLANG_CXX_LANGUAGE_STANDARD = "gnu++14";
				CLANG_CXX_LIBRARY = "libc++";
				CLANG_ENABLE_MODULES = YES;
				CLANG_ENABLE_OBJC_ARC = YES;
				CLANG_ENABLE_OBJC_WEAK = YES;
				CLANG_WARN_BLOCK_CAPTURE_AUTORELEASING = YES;
				CLANG_WARN_BOOL_CONVERSION = YES;
				CLANG_WARN_COMMA = YES;
				CLANG_WARN_CONSTANT_CONVERSION = YES;
				CLANG_WARN_DEPRECATED_OBJC_IMPLEMENTATIONS = YES;
				CLANG_WARN_DIRECT_OBJC_ISA_USAGE = YES_ERROR;
				CLANG_WARN_DOCUMENTATION_COMMENTS = YES;
				CLANG_WARN_EMPTY_BODY = YES;
				CLANG_WARN_ENUM_CONVERSION = YES;
				CLANG_WARN_INFINITE_RECURSION = YES;
				CLANG_WARN_INT_CONVERSION = YES;
				CLANG_WARN_NON_LITERAL_NULL_CONVERSION = YES;
				CLANG_WARN_OBJC_IMPLICIT_RETAIN_SELF = YES;
				CLANG_WARN_OBJC_LITERAL_CONVERSION = YES;
				CLANG_WARN_OBJC_ROOT_CLASS = YES_ERROR;
				CLANG_WARN_RANGE_LOOP_ANALYSIS = YES;
				CLANG_WARN_STRICT_PROTOTYPES = YES;
				CLANG_WARN_SUSPICIOUS_MOVE = YES;
				CLANG_WARN_UNGUARDED_AVAILABILITY = YES_AGGRESSIVE;
				CLANG_WARN_UNREACHABLE_CODE = YES;
				CLANG_WARN__DUPLICATE_METHOD_MATCH = YES;
				COPY_PHASE_STRIP = NO;
				DEBUG_INFORMATION_FORMAT = "dwarf-with-dsym";
				ENABLE_NS_ASSERTIONS = NO;
				ENABLE_STRICT_OBJC_MSGSEND = YES;
				GCC_C_LANGUAGE_STANDARD = gnu11;
				GCC_NO_COMMON_BLOCKS = YES;
				GCC_WARN_64_TO_32_BIT_CONVERSION = YES;
				GCC_WARN_ABOUT_RETURN_TYPE = YES_ERROR;
				GCC_WARN_UNDECLARED_SELECTOR = YES;
				GCC_WARN_UNINITIALIZED_AUTOS = YES_AGGRESSIVE;
				GCC_WARN_UNUSED_FUNCTION = YES;
				GCC_WARN_UNUSED_VARIABLE = YES;
				IPHONEOS_DEPLOYMENT_TARGET = 13.4;
				MTL_ENABLE_DEBUG_INFO = NO;
				MTL_FAST_MATH = YES;
				SDKROOT = iphoneos;
				SWIFT_COMPILATION_MODE = wholemodule;
				SWIFT_OPTIMIZATION_LEVEL = "-O";
				VALIDATE_PRODUCT = YES;
			};
			name = Release;
		};
		8430C73824C20F2D00B152E4 /* Debug */ = {
			isa = XCBuildConfiguration;
			buildSettings = {
				ASSETCATALOG_COMPILER_APPICON_NAME = AppIcon;
				CODE_SIGN_STYLE = Automatic;
				DEVELOPMENT_TEAM = LAWZ543W95;
				INFOPLIST_FILE = PeginationSample/Info.plist;
				LD_RUNPATH_SEARCH_PATHS = (
					"$(inherited)",
					"@executable_path/Frameworks",
				);
				PRODUCT_BUNDLE_IDENTIFIER = com.bridgelabz.PeginationSample;
				PRODUCT_NAME = "$(TARGET_NAME)";
				SWIFT_VERSION = 5.0;
				TARGETED_DEVICE_FAMILY = "1,2";
			};
			name = Debug;
		};
		8430C73924C20F2D00B152E4 /* Release */ = {
			isa = XCBuildConfiguration;
			buildSettings = {
				ASSETCATALOG_COMPILER_APPICON_NAME = AppIcon;
				CODE_SIGN_STYLE = Automatic;
				DEVELOPMENT_TEAM = LAWZ543W95;
				INFOPLIST_FILE = PeginationSample/Info.plist;
				LD_RUNPATH_SEARCH_PATHS = (
					"$(inherited)",
					"@executable_path/Frameworks",
				);
				PRODUCT_BUNDLE_IDENTIFIER = com.bridgelabz.PeginationSample;
				PRODUCT_NAME = "$(TARGET_NAME)";
				SWIFT_VERSION = 5.0;
				TARGETED_DEVICE_FAMILY = "1,2";
			};
			name = Release;
		};
/* End XCBuildConfiguration section */

/* Begin XCConfigurationList section */
		8430C71E24C20F2700B152E4 /* Build configuration list for PBXProject "PeginationSample" */ = {
			isa = XCConfigurationList;
			buildConfigurations = (
				8430C73524C20F2D00B152E4 /* Debug */,
				8430C73624C20F2D00B152E4 /* Release */,
			);
			defaultConfigurationIsVisible = 0;
			defaultConfigurationName = Release;
		};
		8430C73724C20F2D00B152E4 /* Build configuration list for PBXNativeTarget "PeginationSample" */ = {
			isa = XCConfigurationList;
			buildConfigurations = (
				8430C73824C20F2D00B152E4 /* Debug */,
				8430C73924C20F2D00B152E4 /* Release */,
			);
			defaultConfigurationIsVisible = 0;
			defaultConfigurationName = Release;
		};
/* End XCConfigurationList section */

/* Begin XCVersionGroup section */
		84D3C48424C55DCD00EB7BFC /* PeginationSample.xcdatamodeld */ = {
			isa = XCVersionGroup;
			children = (
				84D3C48524C55DCD00EB7BFC /* PeginationSample.xcdatamodel */,
			);
			currentVersion = 84D3C48524C55DCD00EB7BFC /* PeginationSample.xcdatamodel */;
			path = PeginationSample.xcdatamodeld;
			sourceTree = "<group>";
			versionGroupType = wrapper.xcdatamodel;
		};
/* End XCVersionGroup section */
	};
	rootObject = 8430C71B24C20F2700B152E4 /* Project object */;
}
